
Microsoft Visual Studio Solution File, Format Version 12.00
# Visual Studio Version 16
VisualStudioVersion = 16.0.31205.134
MinimumVisualStudioVersion = 10.0.40219.1
Project("{9A19103F-16F7-4668-BE54-9A1E7A4F7556}") = "PhoneBookWithDb", "PhoneBookWithDb.csproj", "{1F839ED1-4F5D-4FB9-A0E5-30857AC84393}"
EndProject
Project("{9A19103F-16F7-4668-BE54-9A1E7A4F7556}") = "PhoneBookTest", "..\PhoneBookTest\PhoneBookTest.csproj", "{A82895BA-2E43-4E0B-A84A-96445937863E}"
EndProject
Project("{FAE04EC0-301F-11D3-BF4B-00C04F79EFBC}") = "Db", "..\Db\Db.csproj", "{A81A63B3-41DC-4822-8E64-B0FDD85D788E}"
EndProject
Global
	GlobalSection(SolutionConfigurationPlatforms) = preSolution
		Debug|Any CPU = Debug|Any CPU
		Release|Any CPU = Release|Any CPU
	EndGlobalSection
	GlobalSection(ProjectConfigurationPlatforms) = postSolution
		{1F839ED1-4F5D-4FB9-A0E5-30857AC84393}.Debug|Any CPU.ActiveCfg = Debug|Any CPU
		{1F839ED1-4F5D-4FB9-A0E5-30857AC84393}.Debug|Any CPU.Build.0 = Debug|Any CPU
		{1F839ED1-4F5D-4FB9-A0E5-30857AC84393}.Release|Any CPU.ActiveCfg = Release|Any CPU
		{1F839ED1-4F5D-4FB9-A0E5-30857AC84393}.Release|Any CPU.Build.0 = Release|Any CPU
		{A82895BA-2E43-4E0B-A84A-96445937863E}.Debug|Any CPU.ActiveCfg = Debug|Any CPU
		{A82895BA-2E43-4E0B-A84A-96445937863E}.Debug|Any CPU.Build.0 = Debug|Any CPU
		{A82895BA-2E43-4E0B-A84A-96445937863E}.Release|Any CPU.ActiveCfg = Release|Any CPU
		{A82895BA-2E43-4E0B-A84A-96445937863E}.Release|Any CPU.Build.0 = Release|Any CPU
		{A81A63B3-41DC-4822-8E64-B0FDD85D788E}.Debug|Any CPU.ActiveCfg = Debug|Any CPU
		{A81A63B3-41DC-4822-8E64-B0FDD85D788E}.Debug|Any CPU.Build.0 = Debug|Any CPU
		{A81A63B3-41DC-4822-8E64-B0FDD85D788E}.Release|Any CPU.ActiveCfg = Release|Any CPU
		{A81A63B3-41DC-4822-8E64-B0FDD85D788E}.Release|Any CPU.Build.0 = Release|Any CPU
	EndGlobalSection
	GlobalSection(SolutionProperties) = preSolution
		HideSolutionNode = FALSE
	EndGlobalSection
	GlobalSection(ExtensibilityGlobals) = postSolution
		SolutionGuid = {05DEF492-9BAB-4BB3-8CAE-71655F5497FE}
	EndGlobalSection
EndGlobal
