
Microsoft Visual Studio Solution File, Format Version 12.00
# Visual Studio Version 17
VisualStudioVersion = 17.0.32112.339
MinimumVisualStudioVersion = 10.0.40219.1
Project("{FAE04EC0-301F-11D3-BF4B-00C04F79EFBC}") = "GSACapitalApi", "GSACapitalApi.csproj", "{5D5BB40E-5326-4C42-98AE-422FD6839BD9}"
EndProject
Project("{9A19103F-16F7-4668-BE54-9A1E7A4F7556}") = "Data", "..\GSASolution\Data\Data.csproj", "{3FD7F042-24F0-4F3C-B882-CE6CACE9344F}"
EndProject
Project("{9A19103F-16F7-4668-BE54-9A1E7A4F7556}") = "Tests", "..\GSASolution\Tests\Tests.csproj", "{529E631C-1B75-4E52-9B36-772C320623CB}"
EndProject
Project("{9A19103F-16F7-4668-BE54-9A1E7A4F7556}") = "GSASolution", "..\GSASolution\GSASolution.csproj", "{DCDF4F43-565A-4919-8B04-F457CB3EDFAE}"
EndProject
Global
	GlobalSection(SolutionConfigurationPlatforms) = preSolution
		Debug|Any CPU = Debug|Any CPU
		Release|Any CPU = Release|Any CPU
	EndGlobalSection
	GlobalSection(ProjectConfigurationPlatforms) = postSolution
		{5D5BB40E-5326-4C42-98AE-422FD6839BD9}.Debug|Any CPU.ActiveCfg = Debug|Any CPU
		{5D5BB40E-5326-4C42-98AE-422FD6839BD9}.Debug|Any CPU.Build.0 = Debug|Any CPU
		{5D5BB40E-5326-4C42-98AE-422FD6839BD9}.Release|Any CPU.ActiveCfg = Release|Any CPU
		{5D5BB40E-5326-4C42-98AE-422FD6839BD9}.Release|Any CPU.Build.0 = Release|Any CPU
		{3FD7F042-24F0-4F3C-B882-CE6CACE9344F}.Debug|Any CPU.ActiveCfg = Debug|Any CPU
		{3FD7F042-24F0-4F3C-B882-CE6CACE9344F}.Debug|Any CPU.Build.0 = Debug|Any CPU
		{3FD7F042-24F0-4F3C-B882-CE6CACE9344F}.Release|Any CPU.ActiveCfg = Release|Any CPU
		{3FD7F042-24F0-4F3C-B882-CE6CACE9344F}.Release|Any CPU.Build.0 = Release|Any CPU
		{529E631C-1B75-4E52-9B36-772C320623CB}.Debug|Any CPU.ActiveCfg = Debug|Any CPU
		{529E631C-1B75-4E52-9B36-772C320623CB}.Debug|Any CPU.Build.0 = Debug|Any CPU
		{529E631C-1B75-4E52-9B36-772C320623CB}.Release|Any CPU.ActiveCfg = Release|Any CPU
		{529E631C-1B75-4E52-9B36-772C320623CB}.Release|Any CPU.Build.0 = Release|Any CPU
		{DCDF4F43-565A-4919-8B04-F457CB3EDFAE}.Debug|Any CPU.ActiveCfg = Debug|Any CPU
		{DCDF4F43-565A-4919-8B04-F457CB3EDFAE}.Debug|Any CPU.Build.0 = Debug|Any CPU
		{DCDF4F43-565A-4919-8B04-F457CB3EDFAE}.Release|Any CPU.ActiveCfg = Release|Any CPU
		{DCDF4F43-565A-4919-8B04-F457CB3EDFAE}.Release|Any CPU.Build.0 = Release|Any CPU
	EndGlobalSection
	GlobalSection(SolutionProperties) = preSolution
		HideSolutionNode = FALSE
	EndGlobalSection
	GlobalSection(ExtensibilityGlobals) = postSolution
		SolutionGuid = {0C0E469E-1F44-4E75-A64C-7A8AACE208DD}
	EndGlobalSection
EndGlobal
