
Microsoft Visual Studio Solution File, Format Version 12.00
# Visual Studio Version 17
VisualStudioVersion = 17.0.32112.339
MinimumVisualStudioVersion = 10.0.40219.1
Project("{FAE04EC0-301F-11D3-BF4B-00C04F79EFBC}") = "Multithreading3", "Multithreading3.csproj", "{AE4E1632-0F25-4780-9F2C-A8DA5C4587A4}"
EndProject
Project("{FAE04EC0-301F-11D3-BF4B-00C04F79EFBC}") = "TrackerTests", "TrackerTests\TrackerTests.csproj", "{2F11DA8B-F995-463A-BD00-91E9A9E18831}"
EndProject
Global
	GlobalSection(SolutionConfigurationPlatforms) = preSolution
		Debug|Any CPU = Debug|Any CPU
		Release|Any CPU = Release|Any CPU
	EndGlobalSection
	GlobalSection(ProjectConfigurationPlatforms) = postSolution
		{AE4E1632-0F25-4780-9F2C-A8DA5C4587A4}.Debug|Any CPU.ActiveCfg = Debug|Any CPU
		{AE4E1632-0F25-4780-9F2C-A8DA5C4587A4}.Debug|Any CPU.Build.0 = Debug|Any CPU
		{AE4E1632-0F25-4780-9F2C-A8DA5C4587A4}.Release|Any CPU.ActiveCfg = Release|Any CPU
		{AE4E1632-0F25-4780-9F2C-A8DA5C4587A4}.Release|Any CPU.Build.0 = Release|Any CPU
		{2F11DA8B-F995-463A-BD00-91E9A9E18831}.Debug|Any CPU.ActiveCfg = Debug|Any CPU
		{2F11DA8B-F995-463A-BD00-91E9A9E18831}.Debug|Any CPU.Build.0 = Debug|Any CPU
		{2F11DA8B-F995-463A-BD00-91E9A9E18831}.Release|Any CPU.ActiveCfg = Release|Any CPU
		{2F11DA8B-F995-463A-BD00-91E9A9E18831}.Release|Any CPU.Build.0 = Release|Any CPU
	EndGlobalSection
	GlobalSection(SolutionProperties) = preSolution
		HideSolutionNode = FALSE
	EndGlobalSection
	GlobalSection(ExtensibilityGlobals) = postSolution
		SolutionGuid = {8B7ED92A-5073-4E27-9458-526BE8A7D96D}
	EndGlobalSection
EndGlobal
